
Microsoft Visual Studio Solution File, Format Version 12.00
# Visual Studio Version 17
VisualStudioVersion = 17.4.33122.133
MinimumVisualStudioVersion = 10.0.40219.1
Project("{FAE04EC0-301F-11D3-BF4B-00C04F79EFBC}") = "arreglos", "arreglos\arreglos.csproj", "{ADDBCD34-8A9C-4CC8-9590-F46C10BC0BA7}"
EndProject
Global
	GlobalSection(SolutionConfigurationPlatforms) = preSolution
		Debug|Any CPU = Debug|Any CPU
		Release|Any CPU = Release|Any CPU
	EndGlobalSection
	GlobalSection(ProjectConfigurationPlatforms) = postSolution
		{ADDBCD34-8A9C-4CC8-9590-F46C10BC0BA7}.Debug|Any CPU.ActiveCfg = Debug|Any CPU
		{ADDBCD34-8A9C-4CC8-9590-F46C10BC0BA7}.Debug|Any CPU.Build.0 = Debug|Any CPU
		{ADDBCD34-8A9C-4CC8-9590-F46C10BC0BA7}.Release|Any CPU.ActiveCfg = Release|Any CPU
		{ADDBCD34-8A9C-4CC8-9590-F46C10BC0BA7}.Release|Any CPU.Build.0 = Release|Any CPU
	EndGlobalSection
	GlobalSection(SolutionProperties) = preSolution
		HideSolutionNode = FALSE
	EndGlobalSection
	GlobalSection(ExtensibilityGlobals) = postSolution
		SolutionGuid = {BD5A0ED2-15D0-4A74-92A4-81C09EC94D48}
	EndGlobalSection
EndGlobal
